
Microsoft Visual Studio Solution File, Format Version 12.00
# Visual Studio 15
VisualStudioVersion = 15.0.28307.1169
MinimumVisualStudioVersion = 10.0.40219.1
Project("{FAE04EC0-301F-11D3-BF4B-00C04F79EFBC}") = "Grades", "Grades\Grades.csproj", "{3BF5687B-C2BB-430D-88F8-8809C2F115C6}"
EndProject
Project("{FAE04EC0-301F-11D3-BF4B-00C04F79EFBC}") = "Grades.Tests", "Grades.Tests\Grades.Tests.csproj", "{C1E7EBF7-531C-4B46-9D1E-FDF7D79F9556}"
EndProject
Global
	GlobalSection(SolutionConfigurationPlatforms) = preSolution
		Debug|Any CPU = Debug|Any CPU
		Release|Any CPU = Release|Any CPU
	EndGlobalSection
	GlobalSection(ProjectConfigurationPlatforms) = postSolution
		{3BF5687B-C2BB-430D-88F8-8809C2F115C6}.Debug|Any CPU.ActiveCfg = Debug|Any CPU
		{3BF5687B-C2BB-430D-88F8-8809C2F115C6}.Debug|Any CPU.Build.0 = Debug|Any CPU
		{3BF5687B-C2BB-430D-88F8-8809C2F115C6}.Release|Any CPU.ActiveCfg = Release|Any CPU
		{3BF5687B-C2BB-430D-88F8-8809C2F115C6}.Release|Any CPU.Build.0 = Release|Any CPU
		{C1E7EBF7-531C-4B46-9D1E-FDF7D79F9556}.Debug|Any CPU.ActiveCfg = Debug|Any CPU
		{C1E7EBF7-531C-4B46-9D1E-FDF7D79F9556}.Debug|Any CPU.Build.0 = Debug|Any CPU
		{C1E7EBF7-531C-4B46-9D1E-FDF7D79F9556}.Release|Any CPU.ActiveCfg = Release|Any CPU
		{C1E7EBF7-531C-4B46-9D1E-FDF7D79F9556}.Release|Any CPU.Build.0 = Release|Any CPU
	EndGlobalSection
	GlobalSection(SolutionProperties) = preSolution
		HideSolutionNode = FALSE
	EndGlobalSection
	GlobalSection(ExtensibilityGlobals) = postSolution
		SolutionGuid = {213D81E3-A522-47EA-8AED-57F852A57E23}
	EndGlobalSection
EndGlobal
